
Microsoft Visual Studio Solution File, Format Version 12.00
# Visual Studio Version 17
VisualStudioVersion = 17.9.34701.34
MinimumVisualStudioVersion = 10.0.40219.1
Project("{FAE04EC0-301F-11D3-BF4B-00C04F79EFBC}") = "Week2StudyWork", "Week2StudyWork.csproj", "{AA245A62-647A-4465-8051-CDEE66334C50}"
EndProject
Global
	GlobalSection(SolutionConfigurationPlatforms) = preSolution
		Debug|Any CPU = Debug|Any CPU
		Release|Any CPU = Release|Any CPU
	EndGlobalSection
	GlobalSection(ProjectConfigurationPlatforms) = postSolution
		{AA245A62-647A-4465-8051-CDEE66334C50}.Debug|Any CPU.ActiveCfg = Debug|Any CPU
		{AA245A62-647A-4465-8051-CDEE66334C50}.Debug|Any CPU.Build.0 = Debug|Any CPU
		{AA245A62-647A-4465-8051-CDEE66334C50}.Release|Any CPU.ActiveCfg = Release|Any CPU
		{AA245A62-647A-4465-8051-CDEE66334C50}.Release|Any CPU.Build.0 = Release|Any CPU
	EndGlobalSection
	GlobalSection(SolutionProperties) = preSolution
		HideSolutionNode = FALSE
	EndGlobalSection
	GlobalSection(ExtensibilityGlobals) = postSolution
		SolutionGuid = {B118EC34-B233-4FEE-9578-A75F86CF76E2}
	EndGlobalSection
EndGlobal
